// !$*UTF8*$!
{
	archiveVersion = 1;
	classes = {
	};
	objectVersion = 46;
	objects = {

/* Begin PBXBuildFile section */
		1E69057D1E5F88A700260C76 /* AppDelegate.swift in Sources */ = {isa = PBXBuildFile; fileRef = 1E69057C1E5F88A700260C76 /* AppDelegate.swift */; };
		1E69057F1E5F88A700260C76 /* ViewController.swift in Sources */ = {isa = PBXBuildFile; fileRef = 1E69057E1E5F88A700260C76 /* ViewController.swift */; };
		1E6905821E5F88A700260C76 /* Main.storyboard in Resources */ = {isa = PBXBuildFile; fileRef = 1E6905801E5F88A700260C76 /* Main.storyboard */; };
		1E6905841E5F88A700260C76 /* Assets.xcassets in Resources */ = {isa = PBXBuildFile; fileRef = 1E6905831E5F88A700260C76 /* Assets.xcassets */; };
		1E6905871E5F88A700260C76 /* LaunchScreen.storyboard in Resources */ = {isa = PBXBuildFile; fileRef = 1E6905851E5F88A700260C76 /* LaunchScreen.storyboard */; };
		1E6905921E5F88A700260C76 /* RXNAppTests.swift in Sources */ = {isa = PBXBuildFile; fileRef = 1E6905911E5F88A700260C76 /* RXNAppTests.swift */; };
		1E69059D1E5F88A700260C76 /* RXNAppUITests.swift in Sources */ = {isa = PBXBuildFile; fileRef = 1E69059C1E5F88A700260C76 /* RXNAppUITests.swift */; };
/* End PBXBuildFile section */

/* Begin PBXContainerItemProxy section */
		1E69058E1E5F88A700260C76 /* PBXContainerItemProxy */ = {
			isa = PBXContainerItemProxy;
			containerPortal = 1E6905711E5F88A400260C76 /* Project object */;
			proxyType = 1;
			remoteGlobalIDString = 1E6905781E5F88A400260C76;
			remoteInfo = RXNApp;
		};
		1E6905991E5F88A700260C76 /* PBXContainerItemProxy */ = {
			isa = PBXContainerItemProxy;
			containerPortal = 1E6905711E5F88A400260C76 /* Project object */;
			proxyType = 1;
			remoteGlobalIDString = 1E6905781E5F88A400260C76;
			remoteInfo = RXNApp;
		};
/* End PBXContainerItemProxy section */

/* Begin PBXFileReference section */
		1E6905791E5F88A700260C76 /* RXNApp.app */ = {isa = PBXFileReference; explicitFileType = wrapper.application; includeInIndex = 0; path = RXNApp.app; sourceTree = BUILT_PRODUCTS_DIR; };
		1E69057C1E5F88A700260C76 /* AppDelegate.swift */ = {isa = PBXFileReference; lastKnownFileType = sourcecode.swift; path = AppDelegate.swift; sourceTree = "<group>"; };
		1E69057E1E5F88A700260C76 /* ViewController.swift */ = {isa = PBXFileReference; lastKnownFileType = sourcecode.swift; path = ViewController.swift; sourceTree = "<group>"; };
		1E6905811E5F88A700260C76 /* Base */ = {isa = PBXFileReference; lastKnownFileType = file.storyboard; name = Base; path = Base.lproj/Main.storyboard; sourceTree = "<group>"; };
		1E6905831E5F88A700260C76 /* Assets.xcassets */ = {isa = PBXFileReference; lastKnownFileType = folder.assetcatalog; path = Assets.xcassets; sourceTree = "<group>"; };
		1E6905861E5F88A700260C76 /* Base */ = {isa = PBXFileReference; lastKnownFileType = file.storyboard; name = Base; path = Base.lproj/LaunchScreen.storyboard; sourceTree = "<group>"; };
		1E6905881E5F88A700260C76 /* Info.plist */ = {isa = PBXFileReference; lastKnownFileType = text.plist.xml; path = Info.plist; sourceTree = "<group>"; };
		1E69058D1E5F88A700260C76 /* RXNAppTests.xctest */ = {isa = PBXFileReference; explicitFileType = wrapper.cfbundle; includeInIndex = 0; path = RXNAppTests.xctest; sourceTree = BUILT_PRODUCTS_DIR; };
		1E6905911E5F88A700260C76 /* RXNAppTests.swift */ = {isa = PBXFileReference; lastKnownFileType = sourcecode.swift; path = RXNAppTests.swift; sourceTree = "<group>"; };
		1E6905931E5F88A700260C76 /* Info.plist */ = {isa = PBXFileReference; lastKnownFileType = text.plist.xml; path = Info.plist; sourceTree = "<group>"; };
		1E6905981E5F88A700260C76 /* RXNAppUITests.xctest */ = {isa = PBXFileReference; explicitFileType = wrapper.cfbundle; includeInIndex = 0; path = RXNAppUITests.xctest; sourceTree = BUILT_PRODUCTS_DIR; };
		1E69059C1E5F88A700260C76 /* RXNAppUITests.swift */ = {isa = PBXFileReference; lastKnownFileType = sourcecode.swift; path = RXNAppUITests.swift; sourceTree = "<group>"; };
		1E69059E1E5F88A700260C76 /* Info.plist */ = {isa = PBXFileReference; lastKnownFileType = text.plist.xml; path = Info.plist; sourceTree = "<group>"; };
/* End PBXFileReference section */

/* Begin PBXFrameworksBuildPhase section */
		1E6905761E5F88A400260C76 /* Frameworks */ = {
			isa = PBXFrameworksBuildPhase;
			buildActionMask = 2147483647;
			files = (
			);
			runOnlyForDeploymentPostprocessing = 0;
		};
		1E69058A1E5F88A700260C76 /* Frameworks */ = {
			isa = PBXFrameworksBuildPhase;
			buildActionMask = 2147483647;
			files = (
			);
			runOnlyForDeploymentPostprocessing = 0;
		};
		1E6905951E5F88A700260C76 /* Frameworks */ = {
			isa = PBXFrameworksBuildPhase;
			buildActionMask = 2147483647;
			files = (
			);
			runOnlyForDeploymentPostprocessing = 0;
		};
/* End PBXFrameworksBuildPhase section */

/* Begin PBXGroup section */
		1E6905701E5F88A400260C76 = {
			isa = PBXGroup;
			children = (
				1E69057B1E5F88A700260C76 /* RXNApp */,
				1E6905901E5F88A700260C76 /* RXNAppTests */,
				1E69059B1E5F88A700260C76 /* RXNAppUITests */,
				1E69057A1E5F88A700260C76 /* Products */,
			);
			sourceTree = "<group>";
		};
		1E69057A1E5F88A700260C76 /* Products */ = {
			isa = PBXGroup;
			children = (
				1E6905791E5F88A700260C76 /* RXNApp.app */,
				1E69058D1E5F88A700260C76 /* RXNAppTests.xctest */,
				1E6905981E5F88A700260C76 /* RXNAppUITests.xctest */,
			);
			name = Products;
			sourceTree = "<group>";
		};
		1E69057B1E5F88A700260C76 /* RXNApp */ = {
			isa = PBXGroup;
			children = (
				1E69057C1E5F88A700260C76 /* AppDelegate.swift */,
				1E69057E1E5F88A700260C76 /* ViewController.swift */,
				1E6905801E5F88A700260C76 /* Main.storyboard */,
				1E6905831E5F88A700260C76 /* Assets.xcassets */,
				1E6905851E5F88A700260C76 /* LaunchScreen.storyboard */,
				1E6905881E5F88A700260C76 /* Info.plist */,
			);
			path = RXNApp;
			sourceTree = "<group>";
		};
		1E6905901E5F88A700260C76 /* RXNAppTests */ = {
			isa = PBXGroup;
			children = (
				1E6905911E5F88A700260C76 /* RXNAppTests.swift */,
				1E6905931E5F88A700260C76 /* Info.plist */,
			);
			path = RXNAppTests;
			sourceTree = "<group>";
		};
		1E69059B1E5F88A700260C76 /* RXNAppUITests */ = {
			isa = PBXGroup;
			children = (
				1E69059C1E5F88A700260C76 /* RXNAppUITests.swift */,
				1E69059E1E5F88A700260C76 /* Info.plist */,
			);
			path = RXNAppUITests;
			sourceTree = "<group>";
		};
/* End PBXGroup section */

/* Begin PBXNativeTarget section */
		1E6905781E5F88A400260C76 /* RXNApp */ = {
			isa = PBXNativeTarget;
			buildConfigurationList = 1E6905A11E5F88A700260C76 /* Build configuration list for PBXNativeTarget "RXNApp" */;
			buildPhases = (
				1E6905751E5F88A400260C76 /* Sources */,
				1E6905761E5F88A400260C76 /* Frameworks */,
				1E6905771E5F88A400260C76 /* Resources */,
			);
			buildRules = (
			);
			dependencies = (
			);
			name = RXNApp;
			productName = RXNApp;
			productReference = 1E6905791E5F88A700260C76 /* RXNApp.app */;
			productType = "com.apple.product-type.application";
		};
		1E69058C1E5F88A700260C76 /* RXNAppTests */ = {
			isa = PBXNativeTarget;
			buildConfigurationList = 1E6905A41E5F88A700260C76 /* Build configuration list for PBXNativeTarget "RXNAppTests" */;
			buildPhases = (
				1E6905891E5F88A700260C76 /* Sources */,
				1E69058A1E5F88A700260C76 /* Frameworks */,
				1E69058B1E5F88A700260C76 /* Resources */,
			);
			buildRules = (
			);
			dependencies = (
				1E69058F1E5F88A700260C76 /* PBXTargetDependency */,
			);
			name = RXNAppTests;
			productName = RXNAppTests;
			productReference = 1E69058D1E5F88A700260C76 /* RXNAppTests.xctest */;
			productType = "com.apple.product-type.bundle.unit-test";
		};
		1E6905971E5F88A700260C76 /* RXNAppUITests */ = {
			isa = PBXNativeTarget;
			buildConfigurationList = 1E6905A71E5F88A700260C76 /* Build configuration list for PBXNativeTarget "RXNAppUITests" */;
			buildPhases = (
				1E6905941E5F88A700260C76 /* Sources */,
				1E6905951E5F88A700260C76 /* Frameworks */,
				1E6905961E5F88A700260C76 /* Resources */,
			);
			buildRules = (
			);
			dependencies = (
				1E69059A1E5F88A700260C76 /* PBXTargetDependency */,
			);
			name = RXNAppUITests;
			productName = RXNAppUITests;
			productReference = 1E6905981E5F88A700260C76 /* RXNAppUITests.xctest */;
			productType = "com.apple.product-type.bundle.ui-testing";
		};
/* End PBXNativeTarget section */

/* Begin PBXProject section */
		1E6905711E5F88A400260C76 /* Project object */ = {
			isa = PBXProject;
			attributes = {
				LastSwiftUpdateCheck = 0810;
				LastUpgradeCheck = 0810;
				ORGANIZATIONNAME = "Param Pandey";
				TargetAttributes = {
					1E6905781E5F88A400260C76 = {
						CreatedOnToolsVersion = 8.1;
						DevelopmentTeam = 9RW37V5B2T;
						ProvisioningStyle = Automatic;
					};
					1E69058C1E5F88A700260C76 = {
						CreatedOnToolsVersion = 8.1;
						DevelopmentTeam = 9RW37V5B2T;
						ProvisioningStyle = Automatic;
						TestTargetID = 1E6905781E5F88A400260C76;
					};
					1E6905971E5F88A700260C76 = {
						CreatedOnToolsVersion = 8.1;
						DevelopmentTeam = 9RW37V5B2T;
						ProvisioningStyle = Automatic;
						TestTargetID = 1E6905781E5F88A400260C76;
					};
				};
			};
			buildConfigurationList = 1E6905741E5F88A400260C76 /* Build configuration list for PBXProject "RXNApp" */;
			compatibilityVersion = "Xcode 3.2";
			developmentRegion = English;
			hasScannedForEncodings = 0;
			knownRegions = (
				en,
				Base,
			);
			mainGroup = 1E6905701E5F88A400260C76;
			productRefGroup = 1E69057A1E5F88A700260C76 /* Products */;
			projectDirPath = "";
			projectRoot = "";
			targets = (
				1E6905781E5F88A400260C76 /* RXNApp */,
				1E69058C1E5F88A700260C76 /* RXNAppTests */,
				1E6905971E5F88A700260C76 /* RXNAppUITests */,
			);
		};
/* End PBXProject section */

/* Begin PBXResourcesBuildPhase section */
		1E6905771E5F88A400260C76 /* Resources */ = {
			isa = PBXResourcesBuildPhase;
			buildActionMask = 2147483647;
			files = (
				1E6905871E5F88A700260C76 /* LaunchScreen.storyboard in Resources */,
				1E6905841E5F88A700260C76 /* Assets.xcassets in Resources */,
				1E6905821E5F88A700260C76 /* Main.storyboard in Resources */,
			);
			runOnlyForDeploymentPostprocessing = 0;
		};
		1E69058B1E5F88A700260C76 /* Resources */ = {
			isa = PBXResourcesBuildPhase;
			buildActionMask = 2147483647;
			files = (
			);
			runOnlyForDeploymentPostprocessing = 0;
		};
		1E6905961E5F88A700260C76 /* Resources */ = {
			isa = PBXResourcesBuildPhase;
			buildActionMask = 2147483647;
			files = (
			);
			runOnlyForDeploymentPostprocessing = 0;
		};
/* End PBXResourcesBuildPhase section */

/* Begin PBXSourcesBuildPhase section */
		1E6905751E5F88A400260C76 /* Sources */ = {
			isa = PBXSourcesBuildPhase;
			buildActionMask = 2147483647;
			files = (
				1E69057F1E5F88A700260C76 /* ViewController.swift in Sources */,
				1E69057D1E5F88A700260C76 /* AppDelegate.swift in Sources */,
			);
			runOnlyForDeploymentPostprocessing = 0;
		};
		1E6905891E5F88A700260C76 /* Sources */ = {
			isa = PBXSourcesBuildPhase;
			buildActionMask = 2147483647;
			files = (
				1E6905921E5F88A700260C76 /* RXNAppTests.swift in Sources */,
			);
			runOnlyForDeploymentPostprocessing = 0;
		};
		1E6905941E5F88A700260C76 /* Sources */ = {
			isa = PBXSourcesBuildPhase;
			buildActionMask = 2147483647;
			files = (
				1E69059D1E5F88A700260C76 /* RXNAppUITests.swift in Sources */,
			);
			runOnlyForDeploymentPostprocessing = 0;
		};
/* End PBXSourcesBuildPhase section */

/* Begin PBXTargetDependency section */
		1E69058F1E5F88A700260C76 /* PBXTargetDependency */ = {
			isa = PBXTargetDependency;
			target = 1E6905781E5F88A400260C76 /* RXNApp */;
			targetProxy = 1E69058E1E5F88A700260C76 /* PBXContainerItemProxy */;
		};
		1E69059A1E5F88A700260C76 /* PBXTargetDependency */ = {
			isa = PBXTargetDependency;
			target = 1E6905781E5F88A400260C76 /* RXNApp */;
			targetProxy = 1E6905991E5F88A700260C76 /* PBXContainerItemProxy */;
		};
/* End PBXTargetDependency section */

/* Begin PBXVariantGroup section */
		1E6905801E5F88A700260C76 /* Main.storyboard */ = {
			isa = PBXVariantGroup;
			children = (
				1E6905811E5F88A700260C76 /* Base */,
			);
			name = Main.storyboard;
			sourceTree = "<group>";
		};
		1E6905851E5F88A700260C76 /* LaunchScreen.storyboard */ = {
			isa = PBXVariantGroup;
			children = (
				1E6905861E5F88A700260C76 /* Base */,
			);
			name = LaunchScreen.storyboard;
			sourceTree = "<group>";
		};
/* End PBXVariantGroup section */

/* Begin XCBuildConfiguration section */
		1E69059F1E5F88A700260C76 /* Debug */ = {
			isa = XCBuildConfiguration;
			buildSettings = {
				ALWAYS_SEARCH_USER_PATHS = NO;
				CLANG_ANALYZER_NONNULL = YES;
				CLANG_CXX_LANGUAGE_STANDARD = "gnu++0x";
				CLANG_CXX_LIBRARY = "libc++";
				CLANG_ENABLE_MODULES = YES;
				CLANG_ENABLE_OBJC_ARC = YES;
				CLANG_WARN_BOOL_CONVERSION = YES;
				CLANG_WARN_CONSTANT_CONVERSION = YES;
				CLANG_WARN_DIRECT_OBJC_ISA_USAGE = YES_ERROR;
				CLANG_WARN_DOCUMENTATION_COMMENTS = YES;
				CLANG_WARN_EMPTY_BODY = YES;
				CLANG_WARN_ENUM_CONVERSION = YES;
				CLANG_WARN_INFINITE_RECURSION = YES;
				CLANG_WARN_INT_CONVERSION = YES;
				CLANG_WARN_OBJC_ROOT_CLASS = YES_ERROR;
				CLANG_WARN_SUSPICIOUS_MOVES = YES;
				CLANG_WARN_UNREACHABLE_CODE = YES;
				CLANG_WARN__DUPLICATE_METHOD_MATCH = YES;
				"CODE_SIGN_IDENTITY[sdk=iphoneos*]" = "iPhone Developer";
				COPY_PHASE_STRIP = NO;
				DEBUG_INFORMATION_FORMAT = dwarf;
				ENABLE_STRICT_OBJC_MSGSEND = YES;
				ENABLE_TESTABILITY = YES;
				GCC_C_LANGUAGE_STANDARD = gnu99;
				GCC_DYNAMIC_NO_PIC = NO;
				GCC_NO_COMMON_BLOCKS = YES;
				GCC_OPTIMIZATION_LEVEL = 0;
				GCC_PREPROCESSOR_DEFINITIONS = (
					"DEBUG=1",
					"$(inherited)",
				);
				GCC_WARN_64_TO_32_BIT_CONVERSION = YES;
				GCC_WARN_ABOUT_RETURN_TYPE = YES_ERROR;
				GCC_WARN_UNDECLARED_SELECTOR = YES;
				GCC_WARN_UNINITIALIZED_AUTOS = YES_AGGRESSIVE;
				GCC_WARN_UNUSED_FUNCTION = YES;
				GCC_WARN_UNUSED_VARIABLE = YES;
				IPHONEOS_DEPLOYMENT_TARGET = 10.1;
				MTL_ENABLE_DEBUG_INFO = YES;
				ONLY_ACTIVE_ARCH = YES;
				SDKROOT = iphoneos;
				SWIFT_ACTIVE_COMPILATION_CONDITIONS = DEBUG;
				SWIFT_OPTIMIZATION_LEVEL = "-Onone";
				TARGETED_DEVICE_FAMILY = "1,2";
			};
			name = Debug;
		};
		1E6905A01E5F88A700260C76 /* Release */ = {
			isa = XCBuildConfiguration;
			buildSettings = {
				ALWAYS_SEARCH_USER_PATHS = NO;
				CLANG_ANALYZER_NONNULL = YES;
				CLANG_CXX_LANGUAGE_STANDARD = "gnu++0x";
				CLANG_CXX_LIBRARY = "libc++";
				CLANG_ENABLE_MODULES = YES;
				CLANG_ENABLE_OBJC_ARC = YES;
				CLANG_WARN_BOOL_CONVERSION = YES;
				CLANG_WARN_CONSTANT_CONVERSION = YES;
				CLANG_WARN_DIRECT_OBJC_ISA_USAGE = YES_ERROR;
				CLANG_WARN_DOCUMENTATION_COMMENTS = YES;
				CLANG_WARN_EMPTY_BODY = YES;
				CLANG_WARN_ENUM_CONVERSION = YES;
				CLANG_WARN_INFINITE_RECURSION = YES;
				CLANG_WARN_INT_CONVERSION = YES;
				CLANG_WARN_OBJC_ROOT_CLASS = YES_ERROR;
				CLANG_WARN_SUSPICIOUS_MOVES = YES;
				CLANG_WARN_UNREACHABLE_CODE = YES;
				CLANG_WARN__DUPLICATE_METHOD_MATCH = YES;
				"CODE_SIGN_IDENTITY[sdk=iphoneos*]" = "iPhone Developer";
				COPY_PHASE_STRIP = NO;
				DEBUG_INFORMATION_FORMAT = "dwarf-with-dsym";
				ENABLE_NS_ASSERTIONS = NO;
				ENABLE_STRICT_OBJC_MSGSEND = YES;
				GCC_C_LANGUAGE_STANDARD = gnu99;
				GCC_NO_COMMON_BLOCKS = YES;
				GCC_WARN_64_TO_32_BIT_CONVERSION = YES;
				GCC_WARN_ABOUT_RETURN_TYPE = YES_ERROR;
				GCC_WARN_UNDECLARED_SELECTOR = YES;
				GCC_WARN_UNINITIALIZED_AUTOS = YES_AGGRESSIVE;
				GCC_WARN_UNUSED_FUNCTION = YES;
				GCC_WARN_UNUSED_VARIABLE = YES;
				IPHONEOS_DEPLOYMENT_TARGET = 10.1;
				MTL_ENABLE_DEBUG_INFO = NO;
				SDKROOT = iphoneos;
				SWIFT_OPTIMIZATION_LEVEL = "-Owholemodule";
				TARGETED_DEVICE_FAMILY = "1,2";
				VALIDATE_PRODUCT = YES;
			};
			name = Release;
		};
		1E6905A21E5F88A700260C76 /* Debug */ = {
			isa = XCBuildConfiguration;
			buildSettings = {
				ASSETCATALOG_COMPILER_APPICON_NAME = AppIcon;
				DEVELOPMENT_TEAM = 9RW37V5B2T;
				INFOPLIST_FILE = RXNApp/Info.plist;
				LD_RUNPATH_SEARCH_PATHS = "$(inherited) @executable_path/Frameworks";
				PRODUCT_BUNDLE_IDENTIFIER = "Param-Pandey.RXNApp";
				PRODUCT_NAME = "$(TARGET_NAME)";
				SWIFT_VERSION = 3.0;
			};
			name = Debug;
		};
		1E6905A31E5F88A700260C76 /* Release */ = {
			isa = XCBuildConfiguration;
			buildSettings = {
				ASSETCATALOG_COMPILER_APPICON_NAME = AppIcon;
				DEVELOPMENT_TEAM = 9RW37V5B2T;
				INFOPLIST_FILE = RXNApp/Info.plist;
				LD_RUNPATH_SEARCH_PATHS = "$(inherited) @executable_path/Frameworks";
				PRODUCT_BUNDLE_IDENTIFIER = "Param-Pandey.RXNApp";
				PRODUCT_NAME = "$(TARGET_NAME)";
				SWIFT_VERSION = 3.0;
			};
			name = Release;
		};
		1E6905A51E5F88A700260C76 /* Debug */ = {
			isa = XCBuildConfiguration;
			buildSettings = {
				ALWAYS_EMBED_SWIFT_STANDARD_LIBRARIES = YES;
				BUNDLE_LOADER = "$(TEST_HOST)";
				DEVELOPMENT_TEAM = 9RW37V5B2T;
				INFOPLIST_FILE = RXNAppTests/Info.plist;
				LD_RUNPATH_SEARCH_PATHS = "$(inherited) @executable_path/Frameworks @loader_path/Frameworks";
				PRODUCT_BUNDLE_IDENTIFIER = "Param-Pandey.RXNAppTests";
				PRODUCT_NAME = "$(TARGET_NAME)";
				SWIFT_VERSION = 3.0;
				TEST_HOST = "$(BUILT_PRODUCTS_DIR)/RXNApp.app/RXNApp";
			};
			name = Debug;
		};
		1E6905A61E5F88A700260C76 /* Release */ = {
			isa = XCBuildConfiguration;
			buildSettings = {
				ALWAYS_EMBED_SWIFT_STANDARD_LIBRARIES = YES;
				BUNDLE_LOADER = "$(TEST_HOST)";
				DEVELOPMENT_TEAM = 9RW37V5B2T;
				INFOPLIST_FILE = RXNAppTests/Info.plist;
				LD_RUNPATH_SEARCH_PATHS = "$(inherited) @executable_path/Frameworks @loader_path/Frameworks";
				PRODUCT_BUNDLE_IDENTIFIER = "Param-Pandey.RXNAppTests";
				PRODUCT_NAME = "$(TARGET_NAME)";
				SWIFT_VERSION = 3.0;
				TEST_HOST = "$(BUILT_PRODUCTS_DIR)/RXNApp.app/RXNApp";
			};
			name = Release;
		};
		1E6905A81E5F88A700260C76 /* Debug */ = {
			isa = XCBuildConfiguration;
			buildSettings = {
				ALWAYS_EMBED_SWIFT_STANDARD_LIBRARIES = YES;
				DEVELOPMENT_TEAM = 9RW37V5B2T;
				INFOPLIST_FILE = RXNAppUITests/Info.plist;
				LD_RUNPATH_SEARCH_PATHS = "$(inherited) @executable_path/Frameworks @loader_path/Frameworks";
				PRODUCT_BUNDLE_IDENTIFIER = "Param-Pandey.RXNAppUITests";
				PRODUCT_NAME = "$(TARGET_NAME)";
				SWIFT_VERSION = 3.0;
				TEST_TARGET_NAME = RXNApp;
			};
			name = Debug;
		};
		1E6905A91E5F88A700260C76 /* Release */ = {
			isa = XCBuildConfiguration;
			buildSettings = {
				ALWAYS_EMBED_SWIFT_STANDARD_LIBRARIES = YES;
				DEVELOPMENT_TEAM = 9RW37V5B2T;
				INFOPLIST_FILE = RXNAppUITests/Info.plist;
				LD_RUNPATH_SEARCH_PATHS = "$(inherited) @executable_path/Frameworks @loader_path/Frameworks";
				PRODUCT_BUNDLE_IDENTIFIER = "Param-Pandey.RXNAppUITests";
				PRODUCT_NAME = "$(TARGET_NAME)";
				SWIFT_VERSION = 3.0;
				TEST_TARGET_NAME = RXNApp;
			};
			name = Release;
		};
/* End XCBuildConfiguration section */

/* Begin XCConfigurationList section */
		1E6905741E5F88A400260C76 /* Build configuration list for PBXProject "RXNApp" */ = {
			isa = XCConfigurationList;
			buildConfigurations = (
				1E69059F1E5F88A700260C76 /* Debug */,
				1E6905A01E5F88A700260C76 /* Release */,
			);
			defaultConfigurationIsVisible = 0;
			defaultConfigurationName = Release;
		};
		1E6905A11E5F88A700260C76 /* Build configuration list for PBXNativeTarget "RXNApp" */ = {
			isa = XCConfigurationList;
			buildConfigurations = (
				1E6905A21E5F88A700260C76 /* Debug */,
				1E6905A31E5F88A700260C76 /* Release */,
			);
			defaultConfigurationIsVisible = 0;
		};
		1E6905A41E5F88A700260C76 /* Build configuration list for PBXNativeTarget "RXNAppTests" */ = {
			isa = XCConfigurationList;
			buildConfigurations = (
				1E6905A51E5F88A700260C76 /* Debug */,
				1E6905A61E5F88A700260C76 /* Release */,
			);
			defaultConfigurationIsVisible = 0;
		};
		1E6905A71E5F88A700260C76 /* Build configuration list for PBXNativeTarget "RXNAppUITests" */ = {
			isa = XCConfigurationList;
			buildConfigurations = (
				1E6905A81E5F88A700260C76 /* Debug */,
				1E6905A91E5F88A700260C76 /* Release */,
			);
			defaultConfigurationIsVisible = 0;
		};
/* End XCConfigurationList section */
	};
	rootObject = 1E6905711E5F88A400260C76 /* Project object */;
}
